{
  "name": "client",
  "version": "1.0.0",
  "lockfileVersion": 1,
  "requires": true,
  "dependencies": {
    "bootstrap": {
      "version": "3.3.7",
      "resolved": "https://registry.npmjs.org/bootstrap/-/bootstrap-3.3.7.tgz",
      "integrity": "sha1-WjiTlFSfIzMIdaOxUGVldPip63E="
    },
    "vue": {
      "version": "2.5.8",
      "resolved": "https://registry.npmjs.org/vue/-/vue-2.5.8.tgz",
      "integrity": "sha512-aY26SGDHJTCKM+mndzuiQ0dozPpNeWO5Mtq760OrHO0AOiqVHMhzvU5h0LdCkVF9A+vE+DMTm74xSi+sxnMEDg=="
    }
  }
}
